
Microsoft Visual Studio Solution File, Format Version 12.00
# Visual Studio 2013
VisualStudioVersion = 12.0.40629.0
MinimumVisualStudioVersion = 10.0.40219.1
Project("{FAE04EC0-301F-11D3-BF4B-00C04F79EFBC}") = "Ctrip.SOA.Infratructure", "Ctrip.SOA.Infratructure\Ctrip.SOA.Infratructure.csproj", "{44F22751-0511-46ED-9CEA-5510C4F84F35}"
EndProject
Project("{FAE04EC0-301F-11D3-BF4B-00C04F79EFBC}") = "Ctrip.SOA.Web", "Ctrip.SOA.Web\Ctrip.SOA.Web\Ctrip.SOA.Web.csproj", "{713FBC49-F8B9-43C0-9055-3F397CDE9358}"
EndProject
Project("{FAE04EC0-301F-11D3-BF4B-00C04F79EFBC}") = "Ctrip.SOA.Bussiness.Product", "Ctrip.SOA.Bussiness.Product\Ctrip.SOA.Bussiness.Product.csproj", "{3DD0C021-C71E-4B4D-B56E-4103EFFDC56F}"
EndProject
Project("{FAE04EC0-301F-11D3-BF4B-00C04F79EFBC}") = "Ctrip.SOA.Bussiness.User", "Ctrip.SOA.Bussiness.User\Ctrip.SOA.Bussiness.User.csproj", "{89EE7F24-BBD8-4280-BA3C-ACD67754D88C}"
EndProject
Project("{FAE04EC0-301F-11D3-BF4B-00C04F79EFBC}") = "Ctrip.SOA.Bussiness.Order", "Ctrip.SOA.Bussiness.Order\Ctrip.SOA.Bussiness.Order.csproj", "{F9F1CB9A-08E6-4085-AE84-34C399A355C0}"
EndProject
Project("{FAE04EC0-301F-11D3-BF4B-00C04F79EFBC}") = "Ctrip.SOA.Repository.Product", "Ctrip.SOA.Repository.Product\Ctrip.SOA.Repository.Product.csproj", "{E9334448-EBB7-4083-8921-F61E824E0636}"
EndProject
Project("{FAE04EC0-301F-11D3-BF4B-00C04F79EFBC}") = "Ctrip.SOA.Repository.Order", "Ctrip.SOA.Repository.Order\Ctrip.SOA.Repository.Order.csproj", "{20064FFD-E8BB-45EF-94AA-4872FF208C2D}"
EndProject
Project("{FAE04EC0-301F-11D3-BF4B-00C04F79EFBC}") = "Ctrip.SOA.Repository.User", "Ctrip.SOA.Repository.User\Ctrip.SOA.Repository.User.csproj", "{0D30D2FF-3B79-4CA8-A2CA-618FB4DBBD17}"
EndProject
Project("{FAE04EC0-301F-11D3-BF4B-00C04F79EFBC}") = "Ctrip.SOA.Service.Product", "Ctrip.SOA.Service.Product\Ctrip.SOA.Service.Product.csproj", "{0D83EB1B-8ED7-4FB4-97D4-491E784ACBDD}"
EndProject
Project("{FAE04EC0-301F-11D3-BF4B-00C04F79EFBC}") = "Ctrip.SOA.Service.Order", "Ctrip.SOA.Service.Order\Ctrip.SOA.Service.Order.csproj", "{6DB0FDB4-F08B-4BCC-A04F-F27F478DE4E2}"
EndProject
Project("{FAE04EC0-301F-11D3-BF4B-00C04F79EFBC}") = "Ctrip.SOA.Service.User", "Ctrip.SOA.Service.User\Ctrip.SOA.Service.User.csproj", "{E250C202-1DB1-4158-8D4F-9DE7F0351F31}"
EndProject
Project("{2150E333-8FDC-42A3-9474-1A3956D46DE8}") = "Bussiness", "Bussiness", "{F6262D80-8832-4C1D-8F1D-788E5380F018}"
EndProject
Project("{2150E333-8FDC-42A3-9474-1A3956D46DE8}") = "Repository", "Repository", "{517D9BC1-4901-4ADF-A639-AC7059E90672}"
EndProject
Project("{2150E333-8FDC-42A3-9474-1A3956D46DE8}") = "Web", "Web", "{D0D9BCC0-7954-4870-9512-7E95299B7417}"
EndProject
Project("{2150E333-8FDC-42A3-9474-1A3956D46DE8}") = "Service", "Service", "{94EA130F-607D-4C7C-8100-F5EECB2F6882}"
EndProject
Project("{2150E333-8FDC-42A3-9474-1A3956D46DE8}") = "Order", "Order", "{41E4A9A8-E77F-4E02-915F-52B0460D0E24}"
EndProject
Project("{2150E333-8FDC-42A3-9474-1A3956D46DE8}") = "Product", "Product", "{D68D3654-1E43-4276-BEF8-8889821C5C1D}"
EndProject
Project("{2150E333-8FDC-42A3-9474-1A3956D46DE8}") = "User", "User", "{D5D15D3F-7423-43DD-8171-A0673BD4556B}"
EndProject
Project("{2150E333-8FDC-42A3-9474-1A3956D46DE8}") = "Order", "Order", "{2C5C77DD-01AA-47AE-A67A-EA7CBBF670C0}"
EndProject
Project("{2150E333-8FDC-42A3-9474-1A3956D46DE8}") = "Product", "Product", "{E3E7B614-A7BA-4AAF-9B7B-99E3130408BB}"
EndProject
Project("{2150E333-8FDC-42A3-9474-1A3956D46DE8}") = "User", "User", "{96558AC1-C6A8-4BCB-BCE9-291C7846A774}"
EndProject
Project("{2150E333-8FDC-42A3-9474-1A3956D46DE8}") = "Order", "Order", "{797F9611-15C7-4225-A03E-3043FF57B0C0}"
EndProject
Project("{2150E333-8FDC-42A3-9474-1A3956D46DE8}") = "Product", "Product", "{2E66F450-0F12-45A4-8753-FF5B14B0650C}"
EndProject
Project("{2150E333-8FDC-42A3-9474-1A3956D46DE8}") = "User", "User", "{25E65FCA-A319-4D9C-8B1E-722CF1CB3A12}"
EndProject
Project("{FAE04EC0-301F-11D3-BF4B-00C04F79EFBC}") = "Ctrip.SOA.Bussiness.Order.IBussiness", "Ctrip.SOA.Bussiness.Order.IBussiness\Ctrip.SOA.Bussiness.Order.IBussiness.csproj", "{3C3C4BD3-B60D-4D9E-8D0B-3FE5A16F1094}"
EndProject
Project("{FAE04EC0-301F-11D3-BF4B-00C04F79EFBC}") = "Ctrip.SOA.Bussiness.Order.DataContract", "Ctrip.SOA.Bussiness.Order.DataContract\Ctrip.SOA.Bussiness.Order.DataContract.csproj", "{2AA8B133-6EC0-472F-8952-4EAEE55195AB}"
EndProject
Project("{FAE04EC0-301F-11D3-BF4B-00C04F79EFBC}") = "Ctrip.SOA.Bussiness.Product.IBusiness", "Ctrip.SOA.Bussiness.Product.IBusiness\Ctrip.SOA.Bussiness.Product.IBusiness.csproj", "{D844771A-DEDE-4285-AE01-FD9794D6C89B}"
EndProject
Project("{FAE04EC0-301F-11D3-BF4B-00C04F79EFBC}") = "Ctrip.SOA.Bussiness.Product.DataContract", "Ctrip.SOA.Bussiness.Product.DataContract\Ctrip.SOA.Bussiness.Product.DataContract.csproj", "{06FDED18-78C9-4A81-80CB-04BD4B3E953C}"
EndProject
Project("{FAE04EC0-301F-11D3-BF4B-00C04F79EFBC}") = "Ctrip.SOA.Bussiness.User.IBusiness", "Ctrip.SOA.Bussiness.User.IBusiness\Ctrip.SOA.Bussiness.User.IBusiness.csproj", "{109EE3D6-7E1F-471F-8A50-46EA4C98993C}"
EndProject
Project("{FAE04EC0-301F-11D3-BF4B-00C04F79EFBC}") = "Ctrip.SOA.Bussiness.User.DataContract", "Ctrip.SOA.Bussiness.User.DataContract\Ctrip.SOA.Bussiness.User.DataContract.csproj", "{E6ACC7E1-3D88-4DF2-8590-5DCE81AE5B3B}"
EndProject
Project("{FAE04EC0-301F-11D3-BF4B-00C04F79EFBC}") = "Ctrip.SOA.Repository.Order.IRepository", "Ctrip.SOA.Repository.Order.IRepository\Ctrip.SOA.Repository.Order.IRepository.csproj", "{894722DB-4B13-4800-9034-83B034B4E614}"
EndProject
Project("{FAE04EC0-301F-11D3-BF4B-00C04F79EFBC}") = "Ctrip.SOA.Repository.Order.Model", "Ctrip.SOA.Repository.Order.Model\Ctrip.SOA.Repository.Order.Model.csproj", "{250DA4A6-0EF4-41F4-B29A-CECCD44665F1}"
EndProject
Project("{FAE04EC0-301F-11D3-BF4B-00C04F79EFBC}") = "Ctrip.SOA.Repository.Product.IRepository", "Ctrip.SOA.Repository.Product.IRepository\Ctrip.SOA.Repository.Product.IRepository.csproj", "{ACCB9DE3-C79A-420D-B595-69A203F52995}"
EndProject
Project("{FAE04EC0-301F-11D3-BF4B-00C04F79EFBC}") = "Ctrip.SOA.Repository.Product.Model", "Ctrip.SOA.Repository.Product.Model\Ctrip.SOA.Repository.Product.Model.csproj", "{AE2C0503-D018-4AB8-8A8C-8D4734C98118}"
EndProject
Project("{FAE04EC0-301F-11D3-BF4B-00C04F79EFBC}") = "Ctrip.SOA.Repository.User.IRepository", "Ctrip.SOA.Repository.User.IRepository\Ctrip.SOA.Repository.User.IRepository.csproj", "{4E90F9EA-7D4F-47CA-859F-E237B674B1BF}"
EndProject
Project("{FAE04EC0-301F-11D3-BF4B-00C04F79EFBC}") = "Ctrip.SOA.Repository.User.Model", "Ctrip.SOA.Repository.User.Model\Ctrip.SOA.Repository.User.Model.csproj", "{8FCF1E3B-4A2F-4222-A8E0-23FE774EAA85}"
EndProject
Project("{2150E333-8FDC-42A3-9474-1A3956D46DE8}") = "CodeGen", "CodeGen", "{5FC29A90-F45E-4F8F-AE0C-0F53085E5574}"
EndProject
Project("{FAE04EC0-301F-11D3-BF4B-00C04F79EFBC}") = "CodeGen", "CodeGen\CodeGen.csproj", "{AC010071-50C1-40A2-A3A5-E72B7B5CC332}"
EndProject
Project("{FAE04EC0-301F-11D3-BF4B-00C04F79EFBC}") = "Ctrip.SOA.Service.Test", "Ctrip.SOA.Business.Test\Ctrip.SOA.Service.Test.csproj", "{8F91FC7C-1930-44C8-BC46-F6FC6DD19B2E}"
	ProjectSection(ProjectDependencies) = postProject
		{E250C202-1DB1-4158-8D4F-9DE7F0351F31} = {E250C202-1DB1-4158-8D4F-9DE7F0351F31}
	EndProjectSection
EndProject
Global
	GlobalSection(SolutionConfigurationPlatforms) = preSolution
		Debug|Any CPU = Debug|Any CPU
		Release|Any CPU = Release|Any CPU
	EndGlobalSection
	GlobalSection(ProjectConfigurationPlatforms) = postSolution
		{44F22751-0511-46ED-9CEA-5510C4F84F35}.Debug|Any CPU.ActiveCfg = Debug|Any CPU
		{44F22751-0511-46ED-9CEA-5510C4F84F35}.Debug|Any CPU.Build.0 = Debug|Any CPU
		{44F22751-0511-46ED-9CEA-5510C4F84F35}.Release|Any CPU.ActiveCfg = Release|Any CPU
		{44F22751-0511-46ED-9CEA-5510C4F84F35}.Release|Any CPU.Build.0 = Release|Any CPU
		{713FBC49-F8B9-43C0-9055-3F397CDE9358}.Debug|Any CPU.ActiveCfg = Debug|Any CPU
		{713FBC49-F8B9-43C0-9055-3F397CDE9358}.Debug|Any CPU.Build.0 = Debug|Any CPU
		{713FBC49-F8B9-43C0-9055-3F397CDE9358}.Release|Any CPU.ActiveCfg = Release|Any CPU
		{713FBC49-F8B9-43C0-9055-3F397CDE9358}.Release|Any CPU.Build.0 = Release|Any CPU
		{3DD0C021-C71E-4B4D-B56E-4103EFFDC56F}.Debug|Any CPU.ActiveCfg = Debug|Any CPU
		{3DD0C021-C71E-4B4D-B56E-4103EFFDC56F}.Debug|Any CPU.Build.0 = Debug|Any CPU
		{3DD0C021-C71E-4B4D-B56E-4103EFFDC56F}.Release|Any CPU.ActiveCfg = Release|Any CPU
		{3DD0C021-C71E-4B4D-B56E-4103EFFDC56F}.Release|Any CPU.Build.0 = Release|Any CPU
		{89EE7F24-BBD8-4280-BA3C-ACD67754D88C}.Debug|Any CPU.ActiveCfg = Debug|Any CPU
		{89EE7F24-BBD8-4280-BA3C-ACD67754D88C}.Debug|Any CPU.Build.0 = Debug|Any CPU
		{89EE7F24-BBD8-4280-BA3C-ACD67754D88C}.Release|Any CPU.ActiveCfg = Release|Any CPU
		{89EE7F24-BBD8-4280-BA3C-ACD67754D88C}.Release|Any CPU.Build.0 = Release|Any CPU
		{F9F1CB9A-08E6-4085-AE84-34C399A355C0}.Debug|Any CPU.ActiveCfg = Debug|Any CPU
		{F9F1CB9A-08E6-4085-AE84-34C399A355C0}.Debug|Any CPU.Build.0 = Debug|Any CPU
		{F9F1CB9A-08E6-4085-AE84-34C399A355C0}.Release|Any CPU.ActiveCfg = Release|Any CPU
		{F9F1CB9A-08E6-4085-AE84-34C399A355C0}.Release|Any CPU.Build.0 = Release|Any CPU
		{E9334448-EBB7-4083-8921-F61E824E0636}.Debug|Any CPU.ActiveCfg = Debug|Any CPU
		{E9334448-EBB7-4083-8921-F61E824E0636}.Debug|Any CPU.Build.0 = Debug|Any CPU
		{E9334448-EBB7-4083-8921-F61E824E0636}.Release|Any CPU.ActiveCfg = Release|Any CPU
		{E9334448-EBB7-4083-8921-F61E824E0636}.Release|Any CPU.Build.0 = Release|Any CPU
		{20064FFD-E8BB-45EF-94AA-4872FF208C2D}.Debug|Any CPU.ActiveCfg = Debug|Any CPU
		{20064FFD-E8BB-45EF-94AA-4872FF208C2D}.Debug|Any CPU.Build.0 = Debug|Any CPU
		{20064FFD-E8BB-45EF-94AA-4872FF208C2D}.Release|Any CPU.ActiveCfg = Release|Any CPU
		{20064FFD-E8BB-45EF-94AA-4872FF208C2D}.Release|Any CPU.Build.0 = Release|Any CPU
		{0D30D2FF-3B79-4CA8-A2CA-618FB4DBBD17}.Debug|Any CPU.ActiveCfg = Debug|Any CPU
		{0D30D2FF-3B79-4CA8-A2CA-618FB4DBBD17}.Debug|Any CPU.Build.0 = Debug|Any CPU
		{0D30D2FF-3B79-4CA8-A2CA-618FB4DBBD17}.Release|Any CPU.ActiveCfg = Release|Any CPU
		{0D30D2FF-3B79-4CA8-A2CA-618FB4DBBD17}.Release|Any CPU.Build.0 = Release|Any CPU
		{0D83EB1B-8ED7-4FB4-97D4-491E784ACBDD}.Debug|Any CPU.ActiveCfg = Debug|Any CPU
		{0D83EB1B-8ED7-4FB4-97D4-491E784ACBDD}.Debug|Any CPU.Build.0 = Debug|Any CPU
		{0D83EB1B-8ED7-4FB4-97D4-491E784ACBDD}.Release|Any CPU.ActiveCfg = Release|Any CPU
		{0D83EB1B-8ED7-4FB4-97D4-491E784ACBDD}.Release|Any CPU.Build.0 = Release|Any CPU
		{6DB0FDB4-F08B-4BCC-A04F-F27F478DE4E2}.Debug|Any CPU.ActiveCfg = Debug|Any CPU
		{6DB0FDB4-F08B-4BCC-A04F-F27F478DE4E2}.Debug|Any CPU.Build.0 = Debug|Any CPU
		{6DB0FDB4-F08B-4BCC-A04F-F27F478DE4E2}.Release|Any CPU.ActiveCfg = Release|Any CPU
		{6DB0FDB4-F08B-4BCC-A04F-F27F478DE4E2}.Release|Any CPU.Build.0 = Release|Any CPU
		{E250C202-1DB1-4158-8D4F-9DE7F0351F31}.Debug|Any CPU.ActiveCfg = Debug|Any CPU
		{E250C202-1DB1-4158-8D4F-9DE7F0351F31}.Debug|Any CPU.Build.0 = Debug|Any CPU
		{E250C202-1DB1-4158-8D4F-9DE7F0351F31}.Release|Any CPU.ActiveCfg = Release|Any CPU
		{E250C202-1DB1-4158-8D4F-9DE7F0351F31}.Release|Any CPU.Build.0 = Release|Any CPU
		{3C3C4BD3-B60D-4D9E-8D0B-3FE5A16F1094}.Debug|Any CPU.ActiveCfg = Debug|Any CPU
		{3C3C4BD3-B60D-4D9E-8D0B-3FE5A16F1094}.Debug|Any CPU.Build.0 = Debug|Any CPU
		{3C3C4BD3-B60D-4D9E-8D0B-3FE5A16F1094}.Release|Any CPU.ActiveCfg = Release|Any CPU
		{3C3C4BD3-B60D-4D9E-8D0B-3FE5A16F1094}.Release|Any CPU.Build.0 = Release|Any CPU
		{2AA8B133-6EC0-472F-8952-4EAEE55195AB}.Debug|Any CPU.ActiveCfg = Debug|Any CPU
		{2AA8B133-6EC0-472F-8952-4EAEE55195AB}.Debug|Any CPU.Build.0 = Debug|Any CPU
		{2AA8B133-6EC0-472F-8952-4EAEE55195AB}.Release|Any CPU.ActiveCfg = Release|Any CPU
		{2AA8B133-6EC0-472F-8952-4EAEE55195AB}.Release|Any CPU.Build.0 = Release|Any CPU
		{D844771A-DEDE-4285-AE01-FD9794D6C89B}.Debug|Any CPU.ActiveCfg = Debug|Any CPU
		{D844771A-DEDE-4285-AE01-FD9794D6C89B}.Debug|Any CPU.Build.0 = Debug|Any CPU
		{D844771A-DEDE-4285-AE01-FD9794D6C89B}.Release|Any CPU.ActiveCfg = Release|Any CPU
		{D844771A-DEDE-4285-AE01-FD9794D6C89B}.Release|Any CPU.Build.0 = Release|Any CPU
		{06FDED18-78C9-4A81-80CB-04BD4B3E953C}.Debug|Any CPU.ActiveCfg = Debug|Any CPU
		{06FDED18-78C9-4A81-80CB-04BD4B3E953C}.Debug|Any CPU.Build.0 = Debug|Any CPU
		{06FDED18-78C9-4A81-80CB-04BD4B3E953C}.Release|Any CPU.ActiveCfg = Release|Any CPU
		{06FDED18-78C9-4A81-80CB-04BD4B3E953C}.Release|Any CPU.Build.0 = Release|Any CPU
		{109EE3D6-7E1F-471F-8A50-46EA4C98993C}.Debug|Any CPU.ActiveCfg = Debug|Any CPU
		{109EE3D6-7E1F-471F-8A50-46EA4C98993C}.Debug|Any CPU.Build.0 = Debug|Any CPU
		{109EE3D6-7E1F-471F-8A50-46EA4C98993C}.Release|Any CPU.ActiveCfg = Release|Any CPU
		{109EE3D6-7E1F-471F-8A50-46EA4C98993C}.Release|Any CPU.Build.0 = Release|Any CPU
		{E6ACC7E1-3D88-4DF2-8590-5DCE81AE5B3B}.Debug|Any CPU.ActiveCfg = Debug|Any CPU
		{E6ACC7E1-3D88-4DF2-8590-5DCE81AE5B3B}.Debug|Any CPU.Build.0 = Debug|Any CPU
		{E6ACC7E1-3D88-4DF2-8590-5DCE81AE5B3B}.Release|Any CPU.ActiveCfg = Release|Any CPU
		{E6ACC7E1-3D88-4DF2-8590-5DCE81AE5B3B}.Release|Any CPU.Build.0 = Release|Any CPU
		{894722DB-4B13-4800-9034-83B034B4E614}.Debug|Any CPU.ActiveCfg = Debug|Any CPU
		{894722DB-4B13-4800-9034-83B034B4E614}.Debug|Any CPU.Build.0 = Debug|Any CPU
		{894722DB-4B13-4800-9034-83B034B4E614}.Release|Any CPU.ActiveCfg = Release|Any CPU
		{894722DB-4B13-4800-9034-83B034B4E614}.Release|Any CPU.Build.0 = Release|Any CPU
		{250DA4A6-0EF4-41F4-B29A-CECCD44665F1}.Debug|Any CPU.ActiveCfg = Debug|Any CPU
		{250DA4A6-0EF4-41F4-B29A-CECCD44665F1}.Debug|Any CPU.Build.0 = Debug|Any CPU
		{250DA4A6-0EF4-41F4-B29A-CECCD44665F1}.Release|Any CPU.ActiveCfg = Release|Any CPU
		{250DA4A6-0EF4-41F4-B29A-CECCD44665F1}.Release|Any CPU.Build.0 = Release|Any CPU
		{ACCB9DE3-C79A-420D-B595-69A203F52995}.Debug|Any CPU.ActiveCfg = Debug|Any CPU
		{ACCB9DE3-C79A-420D-B595-69A203F52995}.Debug|Any CPU.Build.0 = Debug|Any CPU
		{ACCB9DE3-C79A-420D-B595-69A203F52995}.Release|Any CPU.ActiveCfg = Release|Any CPU
		{ACCB9DE3-C79A-420D-B595-69A203F52995}.Release|Any CPU.Build.0 = Release|Any CPU
		{AE2C0503-D018-4AB8-8A8C-8D4734C98118}.Debug|Any CPU.ActiveCfg = Debug|Any CPU
		{AE2C0503-D018-4AB8-8A8C-8D4734C98118}.Debug|Any CPU.Build.0 = Debug|Any CPU
		{AE2C0503-D018-4AB8-8A8C-8D4734C98118}.Release|Any CPU.ActiveCfg = Release|Any CPU
		{AE2C0503-D018-4AB8-8A8C-8D4734C98118}.Release|Any CPU.Build.0 = Release|Any CPU
		{4E90F9EA-7D4F-47CA-859F-E237B674B1BF}.Debug|Any CPU.ActiveCfg = Debug|Any CPU
		{4E90F9EA-7D4F-47CA-859F-E237B674B1BF}.Debug|Any CPU.Build.0 = Debug|Any CPU
		{4E90F9EA-7D4F-47CA-859F-E237B674B1BF}.Release|Any CPU.ActiveCfg = Release|Any CPU
		{4E90F9EA-7D4F-47CA-859F-E237B674B1BF}.Release|Any CPU.Build.0 = Release|Any CPU
		{8FCF1E3B-4A2F-4222-A8E0-23FE774EAA85}.Debug|Any CPU.ActiveCfg = Debug|Any CPU
		{8FCF1E3B-4A2F-4222-A8E0-23FE774EAA85}.Debug|Any CPU.Build.0 = Debug|Any CPU
		{8FCF1E3B-4A2F-4222-A8E0-23FE774EAA85}.Release|Any CPU.ActiveCfg = Release|Any CPU
		{8FCF1E3B-4A2F-4222-A8E0-23FE774EAA85}.Release|Any CPU.Build.0 = Release|Any CPU
		{AC010071-50C1-40A2-A3A5-E72B7B5CC332}.Debug|Any CPU.ActiveCfg = Debug|Any CPU
		{AC010071-50C1-40A2-A3A5-E72B7B5CC332}.Debug|Any CPU.Build.0 = Debug|Any CPU
		{AC010071-50C1-40A2-A3A5-E72B7B5CC332}.Release|Any CPU.ActiveCfg = Release|Any CPU
		{AC010071-50C1-40A2-A3A5-E72B7B5CC332}.Release|Any CPU.Build.0 = Release|Any CPU
		{8F91FC7C-1930-44C8-BC46-F6FC6DD19B2E}.Debug|Any CPU.ActiveCfg = Debug|Any CPU
		{8F91FC7C-1930-44C8-BC46-F6FC6DD19B2E}.Debug|Any CPU.Build.0 = Debug|Any CPU
		{8F91FC7C-1930-44C8-BC46-F6FC6DD19B2E}.Release|Any CPU.ActiveCfg = Release|Any CPU
		{8F91FC7C-1930-44C8-BC46-F6FC6DD19B2E}.Release|Any CPU.Build.0 = Release|Any CPU
	EndGlobalSection
	GlobalSection(SolutionProperties) = preSolution
		HideSolutionNode = FALSE
	EndGlobalSection
	GlobalSection(NestedProjects) = preSolution
		{713FBC49-F8B9-43C0-9055-3F397CDE9358} = {D0D9BCC0-7954-4870-9512-7E95299B7417}
		{3DD0C021-C71E-4B4D-B56E-4103EFFDC56F} = {D68D3654-1E43-4276-BEF8-8889821C5C1D}
		{89EE7F24-BBD8-4280-BA3C-ACD67754D88C} = {D5D15D3F-7423-43DD-8171-A0673BD4556B}
		{F9F1CB9A-08E6-4085-AE84-34C399A355C0} = {41E4A9A8-E77F-4E02-915F-52B0460D0E24}
		{E9334448-EBB7-4083-8921-F61E824E0636} = {E3E7B614-A7BA-4AAF-9B7B-99E3130408BB}
		{20064FFD-E8BB-45EF-94AA-4872FF208C2D} = {2C5C77DD-01AA-47AE-A67A-EA7CBBF670C0}
		{0D30D2FF-3B79-4CA8-A2CA-618FB4DBBD17} = {96558AC1-C6A8-4BCB-BCE9-291C7846A774}
		{0D83EB1B-8ED7-4FB4-97D4-491E784ACBDD} = {2E66F450-0F12-45A4-8753-FF5B14B0650C}
		{6DB0FDB4-F08B-4BCC-A04F-F27F478DE4E2} = {797F9611-15C7-4225-A03E-3043FF57B0C0}
		{E250C202-1DB1-4158-8D4F-9DE7F0351F31} = {25E65FCA-A319-4D9C-8B1E-722CF1CB3A12}
		{41E4A9A8-E77F-4E02-915F-52B0460D0E24} = {F6262D80-8832-4C1D-8F1D-788E5380F018}
		{D68D3654-1E43-4276-BEF8-8889821C5C1D} = {F6262D80-8832-4C1D-8F1D-788E5380F018}
		{D5D15D3F-7423-43DD-8171-A0673BD4556B} = {F6262D80-8832-4C1D-8F1D-788E5380F018}
		{2C5C77DD-01AA-47AE-A67A-EA7CBBF670C0} = {517D9BC1-4901-4ADF-A639-AC7059E90672}
		{E3E7B614-A7BA-4AAF-9B7B-99E3130408BB} = {517D9BC1-4901-4ADF-A639-AC7059E90672}
		{96558AC1-C6A8-4BCB-BCE9-291C7846A774} = {517D9BC1-4901-4ADF-A639-AC7059E90672}
		{797F9611-15C7-4225-A03E-3043FF57B0C0} = {94EA130F-607D-4C7C-8100-F5EECB2F6882}
		{2E66F450-0F12-45A4-8753-FF5B14B0650C} = {94EA130F-607D-4C7C-8100-F5EECB2F6882}
		{25E65FCA-A319-4D9C-8B1E-722CF1CB3A12} = {94EA130F-607D-4C7C-8100-F5EECB2F6882}
		{3C3C4BD3-B60D-4D9E-8D0B-3FE5A16F1094} = {41E4A9A8-E77F-4E02-915F-52B0460D0E24}
		{2AA8B133-6EC0-472F-8952-4EAEE55195AB} = {41E4A9A8-E77F-4E02-915F-52B0460D0E24}
		{D844771A-DEDE-4285-AE01-FD9794D6C89B} = {D68D3654-1E43-4276-BEF8-8889821C5C1D}
		{06FDED18-78C9-4A81-80CB-04BD4B3E953C} = {D68D3654-1E43-4276-BEF8-8889821C5C1D}
		{109EE3D6-7E1F-471F-8A50-46EA4C98993C} = {D5D15D3F-7423-43DD-8171-A0673BD4556B}
		{E6ACC7E1-3D88-4DF2-8590-5DCE81AE5B3B} = {D5D15D3F-7423-43DD-8171-A0673BD4556B}
		{894722DB-4B13-4800-9034-83B034B4E614} = {2C5C77DD-01AA-47AE-A67A-EA7CBBF670C0}
		{250DA4A6-0EF4-41F4-B29A-CECCD44665F1} = {2C5C77DD-01AA-47AE-A67A-EA7CBBF670C0}
		{ACCB9DE3-C79A-420D-B595-69A203F52995} = {E3E7B614-A7BA-4AAF-9B7B-99E3130408BB}
		{AE2C0503-D018-4AB8-8A8C-8D4734C98118} = {E3E7B614-A7BA-4AAF-9B7B-99E3130408BB}
		{4E90F9EA-7D4F-47CA-859F-E237B674B1BF} = {96558AC1-C6A8-4BCB-BCE9-291C7846A774}
		{8FCF1E3B-4A2F-4222-A8E0-23FE774EAA85} = {96558AC1-C6A8-4BCB-BCE9-291C7846A774}
		{AC010071-50C1-40A2-A3A5-E72B7B5CC332} = {5FC29A90-F45E-4F8F-AE0C-0F53085E5574}
	EndGlobalSection
EndGlobal
